
Microsoft Visual Studio Solution File, Format Version 12.00
# Visual Studio 2012
Project("{FAE04EC0-301F-11D3-BF4B-00C04F79EFBC}") = "MVCTestProject", "MVCTestProject\MVCTestProject.csproj", "{368D9917-ED98-48B9-A964-B775B880393A}"
EndProject
Project("{FAE04EC0-301F-11D3-BF4B-00C04F79EFBC}") = "MVCTestProject.Tests", "MVCTestProject.Tests\MVCTestProject.Tests.csproj", "{69387BDE-DAE4-46F0-B30B-0EC8F7E765BC}"
EndProject
Global
	GlobalSection(SolutionConfigurationPlatforms) = preSolution
		Debug|Any CPU = Debug|Any CPU
		Release|Any CPU = Release|Any CPU
	EndGlobalSection
	GlobalSection(ProjectConfigurationPlatforms) = postSolution
		{368D9917-ED98-48B9-A964-B775B880393A}.Debug|Any CPU.ActiveCfg = Debug|Any CPU
		{368D9917-ED98-48B9-A964-B775B880393A}.Debug|Any CPU.Build.0 = Debug|Any CPU
		{368D9917-ED98-48B9-A964-B775B880393A}.Release|Any CPU.ActiveCfg = Release|Any CPU
		{368D9917-ED98-48B9-A964-B775B880393A}.Release|Any CPU.Build.0 = Release|Any CPU
		{69387BDE-DAE4-46F0-B30B-0EC8F7E765BC}.Debug|Any CPU.ActiveCfg = Debug|Any CPU
		{69387BDE-DAE4-46F0-B30B-0EC8F7E765BC}.Debug|Any CPU.Build.0 = Debug|Any CPU
		{69387BDE-DAE4-46F0-B30B-0EC8F7E765BC}.Release|Any CPU.ActiveCfg = Release|Any CPU
		{69387BDE-DAE4-46F0-B30B-0EC8F7E765BC}.Release|Any CPU.Build.0 = Release|Any CPU
	EndGlobalSection
	GlobalSection(SolutionProperties) = preSolution
		HideSolutionNode = FALSE
	EndGlobalSection
EndGlobal
